// !$*UTF8*$!
{
	archiveVersion = 1;
	classes = {
	};
	objectVersion = 77;
	objects = {

/* Begin PBXBuildFile section */
		3396EF3726BF509EC661A5BB /* ArtworkView.swift in Sources */ = {isa = PBXBuildFile; fileRef = D21974C39B9A9EE7EA574551 /* ArtworkView.swift */; };
		419248F8BA74A362C7FB3E6E /* CollectionView.swift in Sources */ = {isa = PBXBuildFile; fileRef = 616B74B51FF14D7EC5F93D74 /* CollectionView.swift */; };
		43DB2BF5317D3AC517C0BCFE /* ImmersiveGalleryView.swift in Sources */ = {isa = PBXBuildFile; fileRef = E2A3D4B2DD482EEAF198C0BB /* ImmersiveGalleryView.swift */; };
		8BFED27C6201BF03C3953674 /* GalleryModel.swift in Sources */ = {isa = PBXBuildFile; fileRef = 72AF4A194697D0FD6386D858 /* GalleryModel.swift */; };
		D5C3BA28EFE4FFC108446364 /* TwinfoldVisionApp.swift in Sources */ = {isa = PBXBuildFile; fileRef = B845121CF8F4768A2FFBA583 /* TwinfoldVisionApp.swift */; };
/* End PBXBuildFile section */

/* Begin PBXFileReference section */
		616B74B51FF14D7EC5F93D74 /* CollectionView.swift */ = {isa = PBXFileReference; lastKnownFileType = sourcecode.swift; path = CollectionView.swift; sourceTree = "<group>"; };
		72AF4A194697D0FD6386D858 /* GalleryModel.swift */ = {isa = PBXFileReference; lastKnownFileType = sourcecode.swift; path = GalleryModel.swift; sourceTree = "<group>"; };
		B845121CF8F4768A2FFBA583 /* TwinfoldVisionApp.swift */ = {isa = PBXFileReference; lastKnownFileType = sourcecode.swift; path = TwinfoldVisionApp.swift; sourceTree = "<group>"; };
		CF9C1A7805D48C4F660ED0A3 /* TwinfoldVision.app */ = {isa = PBXFileReference; includeInIndex = 0; lastKnownFileType = wrapper.application; path = TwinfoldVision.app; sourceTree = BUILT_PRODUCTS_DIR; };
		D21974C39B9A9EE7EA574551 /* ArtworkView.swift */ = {isa = PBXFileReference; lastKnownFileType = sourcecode.swift; path = ArtworkView.swift; sourceTree = "<group>"; };
		E2A3D4B2DD482EEAF198C0BB /* ImmersiveGalleryView.swift */ = {isa = PBXFileReference; lastKnownFileType = sourcecode.swift; path = ImmersiveGalleryView.swift; sourceTree = "<group>"; };
/* End PBXFileReference section */

/* Begin PBXGroup section */
		0F0B8A3B3D9C6ACEC839C15C /* Products */ = {
			isa = PBXGroup;
			children = (
				CF9C1A7805D48C4F660ED0A3 /* TwinfoldVision.app */,
			);
			name = Products;
			sourceTree = "<group>";
		};
		51F4730BC7BAF0218C015471 = {
			isa = PBXGroup;
			children = (
				D1295A40C1B8B85DECAB2106 /* TwinfoldVision */,
				0F0B8A3B3D9C6ACEC839C15C /* Products */,
			);
			sourceTree = "<group>";
		};
		D1295A40C1B8B85DECAB2106 /* TwinfoldVision */ = {
			isa = PBXGroup;
			children = (
				D21974C39B9A9EE7EA574551 /* ArtworkView.swift */,
				616B74B51FF14D7EC5F93D74 /* CollectionView.swift */,
				72AF4A194697D0FD6386D858 /* GalleryModel.swift */,
				E2A3D4B2DD482EEAF198C0BB /* ImmersiveGalleryView.swift */,
				B845121CF8F4768A2FFBA583 /* TwinfoldVisionApp.swift */,
			);
			path = TwinfoldVision;
			sourceTree = "<group>";
		};
/* End PBXGroup section */

/* Begin PBXNativeTarget section */
		B2D3C5892295D4827C68A580 /* TwinfoldVision */ = {
			isa = PBXNativeTarget;
			buildConfigurationList = ECDFFA189049A4FF996674AC /* Build configuration list for PBXNativeTarget "TwinfoldVision" */;
			buildPhases = (
				527A73E59F1B26435D4E8F6B /* Sources */,
			);
			buildRules = (
			);
			dependencies = (
			);
			name = TwinfoldVision;
			packageProductDependencies = (
			);
			productName = TwinfoldVision;
			productReference = CF9C1A7805D48C4F660ED0A3 /* TwinfoldVision.app */;
			productType = "com.apple.product-type.application";
		};
/* End PBXNativeTarget section */

/* Begin PBXProject section */
		B3171D6DC2920EC455443788 /* Project object */ = {
			isa = PBXProject;
			attributes = {
				BuildIndependentTargetsInParallel = YES;
				LastUpgradeCheck = 1430;
				TargetAttributes = {
				};
			};
			buildConfigurationList = 91C63EB1BB57E7C48904BAF5 /* Build configuration list for PBXProject "TwinfoldVision" */;
			developmentRegion = en;
			hasScannedForEncodings = 0;
			knownRegions = (
				Base,
				en,
			);
			mainGroup = 51F4730BC7BAF0218C015471;
			minimizedProjectReferenceProxies = 1;
			preferredProjectObjectVersion = 77;
			productRefGroup = 0F0B8A3B3D9C6ACEC839C15C /* Products */;
			projectDirPath = "";
			projectRoot = "";
			targets = (
				B2D3C5892295D4827C68A580 /* TwinfoldVision */,
			);
		};
/* End PBXProject section */

/* Begin PBXSourcesBuildPhase section */
		527A73E59F1B26435D4E8F6B /* Sources */ = {
			isa = PBXSourcesBuildPhase;
			buildActionMask = 2147483647;
			files = (
				3396EF3726BF509EC661A5BB /* ArtworkView.swift in Sources */,
				419248F8BA74A362C7FB3E6E /* CollectionView.swift in Sources */,
				8BFED27C6201BF03C3953674 /* GalleryModel.swift in Sources */,
				43DB2BF5317D3AC517C0BCFE /* ImmersiveGalleryView.swift in Sources */,
				D5C3BA28EFE4FFC108446364 /* TwinfoldVisionApp.swift in Sources */,
			);
			runOnlyForDeploymentPostprocessing = 0;
		};
/* End PBXSourcesBuildPhase section */

/* Begin XCBuildConfiguration section */
		29E9D2DB9C25A1F5C26B9997 /* Debug */ = {
			isa = XCBuildConfiguration;
			buildSettings = {
				ALWAYS_SEARCH_USER_PATHS = NO;
				CLANG_ANALYZER_NONNULL = YES;
				CLANG_ANALYZER_NUMBER_OBJECT_CONVERSION = YES_AGGRESSIVE;
				CLANG_CXX_LANGUAGE_STANDARD = "gnu++14";
				CLANG_CXX_LIBRARY = "libc++";
				CLANG_ENABLE_MODULES = YES;
				CLANG_ENABLE_OBJC_ARC = YES;
				CLANG_ENABLE_OBJC_WEAK = YES;
				CLANG_WARN_BLOCK_CAPTURE_AUTORELEASING = YES;
				CLANG_WARN_BOOL_CONVERSION = YES;
				CLANG_WARN_COMMA = YES;
				CLANG_WARN_CONSTANT_CONVERSION = YES;
				CLANG_WARN_DEPRECATED_OBJC_IMPLEMENTATIONS = YES;
				CLANG_WARN_DIRECT_OBJC_ISA_USAGE = YES_ERROR;
				CLANG_WARN_DOCUMENTATION_COMMENTS = YES;
				CLANG_WARN_EMPTY_BODY = YES;
				CLANG_WARN_ENUM_CONVERSION = YES;
				CLANG_WARN_INFINITE_RECURSION = YES;
				CLANG_WARN_INT_CONVERSION = YES;
				CLANG_WARN_NON_LITERAL_NULL_CONVERSION = YES;
				CLANG_WARN_OBJC_IMPLICIT_RETAIN_SELF = YES;
				CLANG_WARN_OBJC_LITERAL_CONVERSION = YES;
				CLANG_WARN_OBJC_ROOT_CLASS = YES_ERROR;
				CLANG_WARN_QUOTED_INCLUDE_IN_FRAMEWORK_HEADER = YES;
				CLANG_WARN_RANGE_LOOP_ANALYSIS = YES;
				CLANG_WARN_STRICT_PROTOTYPES = YES;
				CLANG_WARN_SUSPICIOUS_MOVE = YES;
				CLANG_WARN_UNGUARDED_AVAILABILITY = YES_AGGRESSIVE;
				CLANG_WARN_UNREACHABLE_CODE = YES;
				CLANG_WARN__DUPLICATE_METHOD_MATCH = YES;
				COPY_PHASE_STRIP = NO;
				DEBUG_INFORMATION_FORMAT = dwarf;
				ENABLE_STRICT_OBJC_MSGSEND = YES;
				ENABLE_TESTABILITY = YES;
				GCC_C_LANGUAGE_STANDARD = gnu11;
				GCC_DYNAMIC_NO_PIC = NO;
				GCC_NO_COMMON_BLOCKS = YES;
				GCC_OPTIMIZATION_LEVEL = 0;
				GCC_PREPROCESSOR_DEFINITIONS = (
					"$(inherited)",
					"DEBUG=1",
				);
				GCC_WARN_64_TO_32_BIT_CONVERSION = YES;
				GCC_WARN_ABOUT_RETURN_TYPE = YES_ERROR;
				GCC_WARN_UNDECLARED_SELECTOR = YES;
				GCC_WARN_UNINITIALIZED_AUTOS = YES_AGGRESSIVE;
				GCC_WARN_UNUSED_FUNCTION = YES;
				GCC_WARN_UNUSED_VARIABLE = YES;
				MTL_ENABLE_DEBUG_INFO = INCLUDE_SOURCE;
				MTL_FAST_MATH = YES;
				ONLY_ACTIVE_ARCH = YES;
				PRODUCT_NAME = "$(TARGET_NAME)";
				SDKROOT = xros;
				SWIFT_ACTIVE_COMPILATION_CONDITIONS = DEBUG;
				SWIFT_OPTIMIZATION_LEVEL = "-Onone";
				SWIFT_VERSION = 5.0;
			};
			name = Debug;
		};
		2A8AF485EADB52CF5EFBEFDB /* Debug */ = {
			isa = XCBuildConfiguration;
			buildSettings = {
				ASSETCATALOG_COMPILER_APPICON_NAME = AppIcon;
				GENERATE_INFOPLIST_FILE = YES;
				INFOPLIST_KEY_UIApplicationSceneManifest_Generation = YES;
				INFOPLIST_KEY_UIApplicationSupportsIndirectInputEvents = YES;
				LD_RUNPATH_SEARCH_PATHS = (
					"$(inherited)",
					"@executable_path/Frameworks",
				);
				PRODUCT_BUNDLE_IDENTIFIER = design.twinfold.vision;
				PRODUCT_NAME = Twinfold;
				SDKROOT = xros;
				SWIFT_VERSION = 6.0;
				TARGETED_DEVICE_FAMILY = 7;
				XROS_DEPLOYMENT_TARGET = 2.0;
			};
			name = Debug;
		};
		7C9E6540C583D238342CB006 /* Release */ = {
			isa = XCBuildConfiguration;
			buildSettings = {
				ALWAYS_SEARCH_USER_PATHS = NO;
				CLANG_ANALYZER_NONNULL = YES;
				CLANG_ANALYZER_NUMBER_OBJECT_CONVERSION = YES_AGGRESSIVE;
				CLANG_CXX_LANGUAGE_STANDARD = "gnu++14";
				CLANG_CXX_LIBRARY = "libc++";
				CLANG_ENABLE_MODULES = YES;
				CLANG_ENABLE_OBJC_ARC = YES;
				CLANG_ENABLE_OBJC_WEAK = YES;
				CLANG_WARN_BLOCK_CAPTURE_AUTORELEASING = YES;
				CLANG_WARN_BOOL_CONVERSION = YES;
				CLANG_WARN_COMMA = YES;
				CLANG_WARN_CONSTANT_CONVERSION = YES;
				CLANG_WARN_DEPRECATED_OBJC_IMPLEMENTATIONS = YES;
				CLANG_WARN_DIRECT_OBJC_ISA_USAGE = YES_ERROR;
				CLANG_WARN_DOCUMENTATION_COMMENTS = YES;
				CLANG_WARN_EMPTY_BODY = YES;
				CLANG_WARN_ENUM_CONVERSION = YES;
				CLANG_WARN_INFINITE_RECURSION = YES;
				CLANG_WARN_INT_CONVERSION = YES;
				CLANG_WARN_NON_LITERAL_NULL_CONVERSION = YES;
				CLANG_WARN_OBJC_IMPLICIT_RETAIN_SELF = YES;
				CLANG_WARN_OBJC_LITERAL_CONVERSION = YES;
				CLANG_WARN_OBJC_ROOT_CLASS = YES_ERROR;
				CLANG_WARN_QUOTED_INCLUDE_IN_FRAMEWORK_HEADER = YES;
				CLANG_WARN_RANGE_LOOP_ANALYSIS = YES;
				CLANG_WARN_STRICT_PROTOTYPES = YES;
				CLANG_WARN_SUSPICIOUS_MOVE = YES;
				CLANG_WARN_UNGUARDED_AVAILABILITY = YES_AGGRESSIVE;
				CLANG_WARN_UNREACHABLE_CODE = YES;
				CLANG_WARN__DUPLICATE_METHOD_MATCH = YES;
				COPY_PHASE_STRIP = NO;
				DEBUG_INFORMATION_FORMAT = "dwarf-with-dsym";
				ENABLE_NS_ASSERTIONS = NO;
				ENABLE_STRICT_OBJC_MSGSEND = YES;
				GCC_C_LANGUAGE_STANDARD = gnu11;
				GCC_NO_COMMON_BLOCKS = YES;
				GCC_WARN_64_TO_32_BIT_CONVERSION = YES;
				GCC_WARN_ABOUT_RETURN_TYPE = YES_ERROR;
				GCC_WARN_UNDECLARED_SELECTOR = YES;
				GCC_WARN_UNINITIALIZED_AUTOS = YES_AGGRESSIVE;
				GCC_WARN_UNUSED_FUNCTION = YES;
				GCC_WARN_UNUSED_VARIABLE = YES;
				MTL_ENABLE_DEBUG_INFO = NO;
				MTL_FAST_MATH = YES;
				PRODUCT_NAME = "$(TARGET_NAME)";
				SDKROOT = xros;
				SWIFT_COMPILATION_MODE = wholemodule;
				SWIFT_OPTIMIZATION_LEVEL = "-O";
				SWIFT_VERSION = 5.0;
			};
			name = Release;
		};
		E550778854A86E664F5E692A /* Release */ = {
			isa = XCBuildConfiguration;
			buildSettings = {
				ASSETCATALOG_COMPILER_APPICON_NAME = AppIcon;
				GENERATE_INFOPLIST_FILE = YES;
				INFOPLIST_KEY_UIApplicationSceneManifest_Generation = YES;
				INFOPLIST_KEY_UIApplicationSupportsIndirectInputEvents = YES;
				LD_RUNPATH_SEARCH_PATHS = (
					"$(inherited)",
					"@executable_path/Frameworks",
				);
				PRODUCT_BUNDLE_IDENTIFIER = design.twinfold.vision;
				PRODUCT_NAME = Twinfold;
				SDKROOT = xros;
				SWIFT_VERSION = 6.0;
				TARGETED_DEVICE_FAMILY = 7;
				XROS_DEPLOYMENT_TARGET = 2.0;
			};
			name = Release;
		};
/* End XCBuildConfiguration section */

/* Begin XCConfigurationList section */
		91C63EB1BB57E7C48904BAF5 /* Build configuration list for PBXProject "TwinfoldVision" */ = {
			isa = XCConfigurationList;
			buildConfigurations = (
				29E9D2DB9C25A1F5C26B9997 /* Debug */,
				7C9E6540C583D238342CB006 /* Release */,
			);
			defaultConfigurationIsVisible = 0;
			defaultConfigurationName = Debug;
		};
		ECDFFA189049A4FF996674AC /* Build configuration list for PBXNativeTarget "TwinfoldVision" */ = {
			isa = XCConfigurationList;
			buildConfigurations = (
				2A8AF485EADB52CF5EFBEFDB /* Debug */,
				E550778854A86E664F5E692A /* Release */,
			);
			defaultConfigurationIsVisible = 0;
			defaultConfigurationName = Debug;
		};
/* End XCConfigurationList section */
	};
	rootObject = B3171D6DC2920EC455443788 /* Project object */;
}
